{
  "name": "chatbotbase-dialogflowplatform",
  "version": "0.4.0",
  "lockfileVersion": 1,
  "requires": true,
  "dependencies": {
    "chatbotbase": {
      "version": "0.6.1",
      "resolved": "https://registry.npmjs.org/chatbotbase/-/chatbotbase-0.6.1.tgz",
      "integrity": "sha512-cwPRKIpJEV4kdf6ilBF45U/jPH8J+LQCTJQz4znKyfSNv0EMVDpkq75WRnIJWkupuHgcFOiNmk6AhM5+iWCNkg==",
      "requires": {
        "sprintf-js": "1.1.1"
      }
    },
    "sprintf-js": {
      "version": "1.1.1",
      "resolved": "https://registry.npmjs.org/sprintf-js/-/sprintf-js-1.1.1.tgz",
      "integrity": "sha1-Nr54Mgr+WAH2zqPueLblqrlA6gw="
    }
  }
}
