{
  "name": "chatbotbase-dialogflowplatform",
  "version": "0.3.2",
  "lockfileVersion": 1,
  "requires": true,
  "dependencies": {
    "chatbotbase": {
      "version": "0.6.4",
      "resolved": "https://registry.npmjs.org/chatbotbase/-/chatbotbase-0.6.4.tgz",
      "integrity": "sha512-0cABi9IfuYKQJKzSbJc46mLRx2qHjS6x26KlOB9myjkOewJ9MLgj95jj1QjWLjvurj+zG1MDH6UALBaVVw6YjA==",
      "requires": {
        "sprintf-js": "1.1.1"
      }
    },
    "sprintf-js": {
      "version": "1.1.1",
      "resolved": "https://registry.npmjs.org/sprintf-js/-/sprintf-js-1.1.1.tgz",
      "integrity": "sha1-Nr54Mgr+WAH2zqPueLblqrlA6gw="
    }
  }
}
